<?xml version="1.0" encoding="utf-8"?>
<Project ToolsVersion="4.0" xmlns="http://schemas.microsoft.com/developer/msbuild/2003">
  <ItemGroup>
    <Filter Include="Source Files">
      <UniqueIdentifier>{4FC737F1-C7A5-4376-A066-2A32D752A2FF}</UniqueIdentifier>
      <Extensions>cpp;c;cc;cxx;c++;cppm;ixx;def;odl;idl;hpj;bat;asm;asmx</Extensions>
    </Filter>
    <Filter Include="Header Files">
      <UniqueIdentifier>{93995380-89BD-4b04-88EB-625FBE52EBFB}</UniqueIdentifier>
      <Extensions>h;hh;hpp;hxx;h++;hm;inl;inc;ipp;xsd</Extensions>
    </Filter>
    <Filter Include="Resource Files">
      <UniqueIdentifier>{67DA6AB6-F800-4c08-8B7A-83BB121AAD01}</UniqueIdentifier>
      <Extensions>rc;ico;cur;bmp;dlg;rc2;rct;bin;rgs;gif;jpg;jpeg;jpe;resx;tiff;tif;png;wav;mfcribbon-ms</Extensions>
    </Filter>
    <Filter Include="Header Files\Menu">
      <UniqueIdentifier>{7d2bafb4-f1a8-4ae0-99c5-d8855bcba18a}</UniqueIdentifier>
    </Filter>
    <Filter Include="Header Files\Offset">
      <UniqueIdentifier>{25e392be-cafa-47c7-8645-4d50a7e14b09}</UniqueIdentifier>
    </Filter>
    <Filter Include="Header Files\Hakcs">
      <UniqueIdentifier>{73ecc00d-68d7-4122-8a34-9752414dbdba}</UniqueIdentifier>
    </Filter>
    <Filter Include="Header Files\Ents">
      <UniqueIdentifier>{a9e2994b-c629-4a5c-95e8-81fddb1f4bf1}</UniqueIdentifier>
    </Filter>
    <Filter Include="Header Files\SDK">
      <UniqueIdentifier>{bfbd1a5a-6ae5-46e7-8248-89b263571037}</UniqueIdentifier>
    </Filter>
  </ItemGroup>
  <ItemGroup>
    <ClInclude Include="framework.h">
      <Filter>Header Files</Filter>
    </ClInclude>
    <ClInclude Include="pch.h">
      <Filter>Header Files</Filter>
    </ClInclude>
    <ClInclude Include="Proc.h">
      <Filter>Header Files</Filter>
    </ClInclude>
    <ClInclude Include="Menu.h">
      <Filter>Header Files\Menu</Filter>
    </ClInclude>
    <ClInclude Include="Offsets.h">
      <Filter>Header Files\Offset</Filter>
    </ClInclude>
    <ClInclude Include="sigs.h">
      <Filter>Header Files</Filter>
    </ClInclude>
    <ClInclude Include="vec3.h">
      <Filter>Header Files</Filter>
    </ClInclude>
    <ClInclude Include="Features.h">
      <Filter>Header Files\Hakcs</Filter>
    </ClInclude>
    <ClInclude Include="globals.h">
      <Filter>Header Files\Offset</Filter>
    </ClInclude>
    <ClInclude Include="TriggerBot.h">
      <Filter>Header Files\Hakcs</Filter>
    </ClInclude>
    <ClInclude Include="Ent.h">
      <Filter>Header Files</Filter>
    </ClInclude>
    <ClInclude Include="Glow.h">
      <Filter>Header Files\Hakcs</Filter>
    </ClInclude>
    <ClInclude Include="icliententitylist.h">
      <Filter>Header Files\SDK</Filter>
    </ClInclude>
  </ItemGroup>
  <ItemGroup>
    <ClCompile Include="dllmain.cpp">
      <Filter>Source Files</Filter>
    </ClCompile>
    <ClCompile Include="pch.cpp">
      <Filter>Source Files</Filter>
    </ClCompile>
    <ClCompile Include="Proc.cpp">
      <Filter>Source Files</Filter>
    </ClCompile>
    <ClCompile Include="Menu.cpp">
      <Filter>Header Files\Menu</Filter>
    </ClCompile>
    <ClCompile Include="sigs.cpp">
      <Filter>Source Files</Filter>
    </ClCompile>
    <ClCompile Include="Features.cpp">
      <Filter>Header Files\Hakcs</Filter>
    </ClCompile>
    <ClCompile Include="Ent.cpp">
      <Filter>Source Files</Filter>
    </ClCompile>
  </ItemGroup>
</Project>